PODS:
  - SKCollectionViewFlexLayout (1.0.0)

DEPENDENCIES:
  - SKCollectionViewFlexLayout (from `../`)

EXTERNAL SOURCES:
  SKCollectionViewFlexLayout:
    :path: "../"

SPEC CHECKSUMS:
  SKCollectionViewFlexLayout: 871e1d3a16139f850197e4530b06d2d1f0e15ff4

PODFILE CHECKSUM: 752f8d8d0e9950a1c8d6830c2f1008e645546907

COCOAPODS: 1.15.2
